{
    "_readme": [
        "This file locks the dependencies of your project to a known state",
        "Read more about it at https://getcomposer.org/doc/01-basic-usage.md#composer-lock-the-lock-file",
        "This file is @generated automatically"
    ],
    "content-hash": "0bc4a30bd5b08144351489c3efa8fbd8",
    "packages": [
        {
            "name": "hexmodr/chronicle",
            "version": "dev-master",
            "source": {
                "type": "git",
                "url": "https://github.com/make-it-all/chronicle.git",
                "reference": "4c80a7e6179e529dd42e437fb74a44feccded90b"
            },
            "dist": {
                "type": "zip",
                "url": "https://api.github.com/repos/make-it-all/chronicle/zipball/4c80a7e6179e529dd42e437fb74a44feccded90b",
                "reference": "4c80a7e6179e529dd42e437fb74a44feccded90b",
                "shasum": ""
            },
            "type": "library",
            "autoload": {
                "psr-4": {
                    "Chronicle\\": "src",
                    "Chronicle\\Error\\": "src/Error",
                    "Chronicle\\Connection\\": "src/connection",
                    "Chronicle\\Validators\\": "src/validators",
                    "Chronicle\\Query\\": "src/query",
                    "Chronicle\\Query\\Parts\\": "src/query/parts"
                }
            },
            "authors": [
                {
                    "name": "Henry Morgan",
                    "email": "henry@cd2solutions.co.uk"
                }
            ],
            "description": "Chronicle is a database abstraction system similar to ActiveRecord",
            "support": {
                "source": "https://github.com/make-it-all/chronicle/tree/master",
                "issues": "https://github.com/make-it-all/chronicle/issues"
            },
            "time": "2017-02-19 18:28:49"
        },
        {
            "name": "hexmodr/rack",
            "version": "dev-master",
            "source": {
                "type": "git",
                "url": "https://github.com/make-it-all/rack.git",
                "reference": "f1c72f4235583012d09faa04b87bb2b6bf748d3e"
            },
            "dist": {
                "type": "zip",
                "url": "https://api.github.com/repos/make-it-all/rack/zipball/f1c72f4235583012d09faa04b87bb2b6bf748d3e",
                "reference": "f1c72f4235583012d09faa04b87bb2b6bf748d3e",
                "shasum": ""
            },
            "type": "library",
            "autoload": {
                "files": [
                    "src/Rack.php"
                ],
                "psr-4": {
                    "Rack\\": "src"
                }
            },
            "authors": [
                {
                    "name": "Henry Morgan",
                    "email": "henry@cd2solutions.co.uk"
                }
            ],
            "description": "Rack Server interface for php applications",
            "support": {
                "source": "https://github.com/make-it-all/rack/tree/master",
                "issues": "https://github.com/make-it-all/rack/issues"
            },
            "time": "2017-02-19 00:30:49"
        }
    ],
    "packages-dev": [],
    "aliases": [],
    "minimum-stability": "stable",
    "stability-flags": {
        "hexmodr/rack": 20,
        "hexmodr/chronicle": 20
    },
    "prefer-stable": false,
    "prefer-lowest": false,
    "platform": [],
    "platform-dev": []
}
