{
    "_readme": [
        "This file locks the dependencies of your project to a known state",
        "Read more about it at https://getcomposer.org/doc/01-basic-usage.md#composer-lock-the-lock-file",
        "This file is @generated automatically"
    ],
    "hash": "a6e8fa860ac245107409122656634863",
    "content-hash": "11e5ad0e5bdbe94f2249b319545b72be",
    "packages": [
        {
            "name": "hexmodr/rack",
            "version": "dev-master",
            "source": {
                "type": "git",
                "url": "https://github.com/make-it-all/rack.git",
                "reference": "ce4d94bae46296d2e25275e8a8da3ea41be22937"
            },
            "dist": {
                "type": "zip",
                "url": "https://api.github.com/repos/make-it-all/rack/zipball/ce4d94bae46296d2e25275e8a8da3ea41be22937",
                "reference": "ce4d94bae46296d2e25275e8a8da3ea41be22937",
                "shasum": ""
            },
            "type": "library",
            "autoload": {
                "files": [
                    "src/Rack.php"
                ],
                "psr-4": {
                    "Rack\\": "src"
                }
            },
            "authors": [
                {
                    "name": "Henry Morgan",
                    "email": "henry@cd2solutions.co.uk"
                }
            ],
            "description": "Rack Server interface for php applications",
            "support": {
                "source": "https://github.com/make-it-all/rack/tree/master",
                "issues": "https://github.com/make-it-all/rack/issues"
            },
            "time": "2017-02-20 07:21:02"
        }
    ],
    "packages-dev": [],
    "aliases": [],
    "minimum-stability": "stable",
    "stability-flags": {
        "hexmodr/rack": 20
    },
    "prefer-stable": false,
    "prefer-lowest": false,
    "platform": [],
    "platform-dev": []
}
